// !$*UTF8*$!
{
	archiveVersion = 1;
	classes = {
	};
	objectVersion = 50;
	objects = {

/* Begin PBXBuildFile section */
		7ADD693225F6FA29008B45DD /* AppDelegate.swift in Sources */ = {isa = PBXBuildFile; fileRef = 7ADD693125F6FA29008B45DD /* AppDelegate.swift */; };
		7ADD693425F6FA29008B45DD /* SceneDelegate.swift in Sources */ = {isa = PBXBuildFile; fileRef = 7ADD693325F6FA29008B45DD /* SceneDelegate.swift */; };
		7ADD693625F6FA29008B45DD /* ViewController.swift in Sources */ = {isa = PBXBuildFile; fileRef = 7ADD693525F6FA29008B45DD /* ViewController.swift */; };
		7ADD693925F6FA29008B45DD /* Main.storyboard in Resources */ = {isa = PBXBuildFile; fileRef = 7ADD693725F6FA29008B45DD /* Main.storyboard */; };
		7ADD693B25F6FA2A008B45DD /* Assets.xcassets in Resources */ = {isa = PBXBuildFile; fileRef = 7ADD693A25F6FA2A008B45DD /* Assets.xcassets */; };
		7ADD693E25F6FA2A008B45DD /* LaunchScreen.storyboard in Resources */ = {isa = PBXBuildFile; fileRef = 7ADD693C25F6FA2A008B45DD /* LaunchScreen.storyboard */; };
		7ADD694925F6FA2A008B45DD /* instaTests.swift in Sources */ = {isa = PBXBuildFile; fileRef = 7ADD694825F6FA2A008B45DD /* instaTests.swift */; };
		7ADD695425F6FA2B008B45DD /* instaUITests.swift in Sources */ = {isa = PBXBuildFile; fileRef = 7ADD695325F6FA2B008B45DD /* instaUITests.swift */; };
/* End PBXBuildFile section */

/* Begin PBXContainerItemProxy section */
		7ADD694525F6FA2A008B45DD /* PBXContainerItemProxy */ = {
			isa = PBXContainerItemProxy;
			containerPortal = 7ADD692625F6FA29008B45DD /* Project object */;
			proxyType = 1;
			remoteGlobalIDString = 7ADD692D25F6FA29008B45DD;
			remoteInfo = insta;
		};
		7ADD695025F6FA2B008B45DD /* PBXContainerItemProxy */ = {
			isa = PBXContainerItemProxy;
			containerPortal = 7ADD692625F6FA29008B45DD /* Project object */;
			proxyType = 1;
			remoteGlobalIDString = 7ADD692D25F6FA29008B45DD;
			remoteInfo = insta;
		};
/* End PBXContainerItemProxy section */

/* Begin PBXFileReference section */
		7ADD692E25F6FA29008B45DD /* insta.app */ = {isa = PBXFileReference; explicitFileType = wrapper.application; includeInIndex = 0; path = insta.app; sourceTree = BUILT_PRODUCTS_DIR; };
		7ADD693125F6FA29008B45DD /* AppDelegate.swift */ = {isa = PBXFileReference; lastKnownFileType = sourcecode.swift; path = AppDelegate.swift; sourceTree = "<group>"; };
		7ADD693325F6FA29008B45DD /* SceneDelegate.swift */ = {isa = PBXFileReference; lastKnownFileType = sourcecode.swift; path = SceneDelegate.swift; sourceTree = "<group>"; };
		7ADD693525F6FA29008B45DD /* ViewController.swift */ = {isa = PBXFileReference; lastKnownFileType = sourcecode.swift; path = ViewController.swift; sourceTree = "<group>"; };
		7ADD693825F6FA29008B45DD /* Base */ = {isa = PBXFileReference; lastKnownFileType = file.storyboard; name = Base; path = Base.lproj/Main.storyboard; sourceTree = "<group>"; };
		7ADD693A25F6FA2A008B45DD /* Assets.xcassets */ = {isa = PBXFileReference; lastKnownFileType = folder.assetcatalog; path = Assets.xcassets; sourceTree = "<group>"; };
		7ADD693D25F6FA2A008B45DD /* Base */ = {isa = PBXFileReference; lastKnownFileType = file.storyboard; name = Base; path = Base.lproj/LaunchScreen.storyboard; sourceTree = "<group>"; };
		7ADD693F25F6FA2A008B45DD /* Info.plist */ = {isa = PBXFileReference; lastKnownFileType = text.plist.xml; path = Info.plist; sourceTree = "<group>"; };
		7ADD694425F6FA2A008B45DD /* instaTests.xctest */ = {isa = PBXFileReference; explicitFileType = wrapper.cfbundle; includeInIndex = 0; path = instaTests.xctest; sourceTree = BUILT_PRODUCTS_DIR; };
		7ADD694825F6FA2A008B45DD /* instaTests.swift */ = {isa = PBXFileReference; lastKnownFileType = sourcecode.swift; path = instaTests.swift; sourceTree = "<group>"; };
		7ADD694A25F6FA2A008B45DD /* Info.plist */ = {isa = PBXFileReference; lastKnownFileType = text.plist.xml; path = Info.plist; sourceTree = "<group>"; };
		7ADD694F25F6FA2B008B45DD /* instaUITests.xctest */ = {isa = PBXFileReference; explicitFileType = wrapper.cfbundle; includeInIndex = 0; path = instaUITests.xctest; sourceTree = BUILT_PRODUCTS_DIR; };
		7ADD695325F6FA2B008B45DD /* instaUITests.swift */ = {isa = PBXFileReference; lastKnownFileType = sourcecode.swift; path = instaUITests.swift; sourceTree = "<group>"; };
		7ADD695525F6FA2B008B45DD /* Info.plist */ = {isa = PBXFileReference; lastKnownFileType = text.plist.xml; path = Info.plist; sourceTree = "<group>"; };
/* End PBXFileReference section */

/* Begin PBXFrameworksBuildPhase section */
		7ADD692B25F6FA29008B45DD /* Frameworks */ = {
			isa = PBXFrameworksBuildPhase;
			buildActionMask = 2147483647;
			files = (
			);
			runOnlyForDeploymentPostprocessing = 0;
		};
		7ADD694125F6FA2A008B45DD /* Frameworks */ = {
			isa = PBXFrameworksBuildPhase;
			buildActionMask = 2147483647;
			files = (
			);
			runOnlyForDeploymentPostprocessing = 0;
		};
		7ADD694C25F6FA2B008B45DD /* Frameworks */ = {
			isa = PBXFrameworksBuildPhase;
			buildActionMask = 2147483647;
			files = (
			);
			runOnlyForDeploymentPostprocessing = 0;
		};
/* End PBXFrameworksBuildPhase section */

/* Begin PBXGroup section */
		7ADD692525F6FA29008B45DD = {
			isa = PBXGroup;
			children = (
				7ADD693025F6FA29008B45DD /* insta */,
				7ADD694725F6FA2A008B45DD /* instaTests */,
				7ADD695225F6FA2B008B45DD /* instaUITests */,
				7ADD692F25F6FA29008B45DD /* Products */,
			);
			sourceTree = "<group>";
		};
		7ADD692F25F6FA29008B45DD /* Products */ = {
			isa = PBXGroup;
			children = (
				7ADD692E25F6FA29008B45DD /* insta.app */,
				7ADD694425F6FA2A008B45DD /* instaTests.xctest */,
				7ADD694F25F6FA2B008B45DD /* instaUITests.xctest */,
			);
			name = Products;
			sourceTree = "<group>";
		};
		7ADD693025F6FA29008B45DD /* insta */ = {
			isa = PBXGroup;
			children = (
				7ADD693125F6FA29008B45DD /* AppDelegate.swift */,
				7ADD693325F6FA29008B45DD /* SceneDelegate.swift */,
				7ADD693525F6FA29008B45DD /* ViewController.swift */,
				7ADD693725F6FA29008B45DD /* Main.storyboard */,
				7ADD693A25F6FA2A008B45DD /* Assets.xcassets */,
				7ADD693C25F6FA2A008B45DD /* LaunchScreen.storyboard */,
				7ADD693F25F6FA2A008B45DD /* Info.plist */,
			);
			path = insta;
			sourceTree = "<group>";
		};
		7ADD694725F6FA2A008B45DD /* instaTests */ = {
			isa = PBXGroup;
			children = (
				7ADD694825F6FA2A008B45DD /* instaTests.swift */,
				7ADD694A25F6FA2A008B45DD /* Info.plist */,
			);
			path = instaTests;
			sourceTree = "<group>";
		};
		7ADD695225F6FA2B008B45DD /* instaUITests */ = {
			isa = PBXGroup;
			children = (
				7ADD695325F6FA2B008B45DD /* instaUITests.swift */,
				7ADD695525F6FA2B008B45DD /* Info.plist */,
			);
			path = instaUITests;
			sourceTree = "<group>";
		};
/* End PBXGroup section */

/* Begin PBXNativeTarget section */
		7ADD692D25F6FA29008B45DD /* insta */ = {
			isa = PBXNativeTarget;
			buildConfigurationList = 7ADD695825F6FA2B008B45DD /* Build configuration list for PBXNativeTarget "insta" */;
			buildPhases = (
				7ADD692A25F6FA29008B45DD /* Sources */,
				7ADD692B25F6FA29008B45DD /* Frameworks */,
				7ADD692C25F6FA29008B45DD /* Resources */,
			);
			buildRules = (
			);
			dependencies = (
			);
			name = insta;
			productName = insta;
			productReference = 7ADD692E25F6FA29008B45DD /* insta.app */;
			productType = "com.apple.product-type.application";
		};
		7ADD694325F6FA2A008B45DD /* instaTests */ = {
			isa = PBXNativeTarget;
			buildConfigurationList = 7ADD695B25F6FA2B008B45DD /* Build configuration list for PBXNativeTarget "instaTests" */;
			buildPhases = (
				7ADD694025F6FA2A008B45DD /* Sources */,
				7ADD694125F6FA2A008B45DD /* Frameworks */,
				7ADD694225F6FA2A008B45DD /* Resources */,
			);
			buildRules = (
			);
			dependencies = (
				7ADD694625F6FA2A008B45DD /* PBXTargetDependency */,
			);
			name = instaTests;
			productName = instaTests;
			productReference = 7ADD694425F6FA2A008B45DD /* instaTests.xctest */;
			productType = "com.apple.product-type.bundle.unit-test";
		};
		7ADD694E25F6FA2B008B45DD /* instaUITests */ = {
			isa = PBXNativeTarget;
			buildConfigurationList = 7ADD695E25F6FA2B008B45DD /* Build configuration list for PBXNativeTarget "instaUITests" */;
			buildPhases = (
				7ADD694B25F6FA2B008B45DD /* Sources */,
				7ADD694C25F6FA2B008B45DD /* Frameworks */,
				7ADD694D25F6FA2B008B45DD /* Resources */,
			);
			buildRules = (
			);
			dependencies = (
				7ADD695125F6FA2B008B45DD /* PBXTargetDependency */,
			);
			name = instaUITests;
			productName = instaUITests;
			productReference = 7ADD694F25F6FA2B008B45DD /* instaUITests.xctest */;
			productType = "com.apple.product-type.bundle.ui-testing";
		};
/* End PBXNativeTarget section */

/* Begin PBXProject section */
		7ADD692625F6FA29008B45DD /* Project object */ = {
			isa = PBXProject;
			attributes = {
				LastSwiftUpdateCheck = 1240;
				LastUpgradeCheck = 1240;
				TargetAttributes = {
					7ADD692D25F6FA29008B45DD = {
						CreatedOnToolsVersion = 12.4;
					};
					7ADD694325F6FA2A008B45DD = {
						CreatedOnToolsVersion = 12.4;
						TestTargetID = 7ADD692D25F6FA29008B45DD;
					};
					7ADD694E25F6FA2B008B45DD = {
						CreatedOnToolsVersion = 12.4;
						TestTargetID = 7ADD692D25F6FA29008B45DD;
					};
				};
			};
			buildConfigurationList = 7ADD692925F6FA29008B45DD /* Build configuration list for PBXProject "insta" */;
			compatibilityVersion = "Xcode 9.3";
			developmentRegion = en;
			hasScannedForEncodings = 0;
			knownRegions = (
				en,
				Base,
			);
			mainGroup = 7ADD692525F6FA29008B45DD;
			productRefGroup = 7ADD692F25F6FA29008B45DD /* Products */;
			projectDirPath = "";
			projectRoot = "";
			targets = (
				7ADD692D25F6FA29008B45DD /* insta */,
				7ADD694325F6FA2A008B45DD /* instaTests */,
				7ADD694E25F6FA2B008B45DD /* instaUITests */,
			);
		};
/* End PBXProject section */

/* Begin PBXResourcesBuildPhase section */
		7ADD692C25F6FA29008B45DD /* Resources */ = {
			isa = PBXResourcesBuildPhase;
			buildActionMask = 2147483647;
			files = (
				7ADD693E25F6FA2A008B45DD /* LaunchScreen.storyboard in Resources */,
				7ADD693B25F6FA2A008B45DD /* Assets.xcassets in Resources */,
				7ADD693925F6FA29008B45DD /* Main.storyboard in Resources */,
			);
			runOnlyForDeploymentPostprocessing = 0;
		};
		7ADD694225F6FA2A008B45DD /* Resources */ = {
			isa = PBXResourcesBuildPhase;
			buildActionMask = 2147483647;
			files = (
			);
			runOnlyForDeploymentPostprocessing = 0;
		};
		7ADD694D25F6FA2B008B45DD /* Resources */ = {
			isa = PBXResourcesBuildPhase;
			buildActionMask = 2147483647;
			files = (
			);
			runOnlyForDeploymentPostprocessing = 0;
		};
/* End PBXResourcesBuildPhase section */

/* Begin PBXSourcesBuildPhase section */
		7ADD692A25F6FA29008B45DD /* Sources */ = {
			isa = PBXSourcesBuildPhase;
			buildActionMask = 2147483647;
			files = (
				7ADD693625F6FA29008B45DD /* ViewController.swift in Sources */,
				7ADD693225F6FA29008B45DD /* AppDelegate.swift in Sources */,
				7ADD693425F6FA29008B45DD /* SceneDelegate.swift in Sources */,
			);
			runOnlyForDeploymentPostprocessing = 0;
		};
		7ADD694025F6FA2A008B45DD /* Sources */ = {
			isa = PBXSourcesBuildPhase;
			buildActionMask = 2147483647;
			files = (
				7ADD694925F6FA2A008B45DD /* instaTests.swift in Sources */,
			);
			runOnlyForDeploymentPostprocessing = 0;
		};
		7ADD694B25F6FA2B008B45DD /* Sources */ = {
			isa = PBXSourcesBuildPhase;
			buildActionMask = 2147483647;
			files = (
				7ADD695425F6FA2B008B45DD /* instaUITests.swift in Sources */,
			);
			runOnlyForDeploymentPostprocessing = 0;
		};
/* End PBXSourcesBuildPhase section */

/* Begin PBXTargetDependency section */
		7ADD694625F6FA2A008B45DD /* PBXTargetDependency */ = {
			isa = PBXTargetDependency;
			target = 7ADD692D25F6FA29008B45DD /* insta */;
			targetProxy = 7ADD694525F6FA2A008B45DD /* PBXContainerItemProxy */;
		};
		7ADD695125F6FA2B008B45DD /* PBXTargetDependency */ = {
			isa = PBXTargetDependency;
			target = 7ADD692D25F6FA29008B45DD /* insta */;
			targetProxy = 7ADD695025F6FA2B008B45DD /* PBXContainerItemProxy */;
		};
/* End PBXTargetDependency section */

/* Begin PBXVariantGroup section */
		7ADD693725F6FA29008B45DD /* Main.storyboard */ = {
			isa = PBXVariantGroup;
			children = (
				7ADD693825F6FA29008B45DD /* Base */,
			);
			name = Main.storyboard;
			sourceTree = "<group>";
		};
		7ADD693C25F6FA2A008B45DD /* LaunchScreen.storyboard */ = {
			isa = PBXVariantGroup;
			children = (
				7ADD693D25F6FA2A008B45DD /* Base */,
			);
			name = LaunchScreen.storyboard;
			sourceTree = "<group>";
		};
/* End PBXVariantGroup section */

/* Begin XCBuildConfiguration section */
		7ADD695625F6FA2B008B45DD /* Debug */ = {
			isa = XCBuildConfiguration;
			buildSettings = {
				ALWAYS_SEARCH_USER_PATHS = NO;
				CLANG_ANALYZER_NONNULL = YES;
				CLANG_ANALYZER_NUMBER_OBJECT_CONVERSION = YES_AGGRESSIVE;
				CLANG_CXX_LANGUAGE_STANDARD = "gnu++14";
				CLANG_CXX_LIBRARY = "libc++";
				CLANG_ENABLE_MODULES = YES;
				CLANG_ENABLE_OBJC_ARC = YES;
				CLANG_ENABLE_OBJC_WEAK = YES;
				CLANG_WARN_BLOCK_CAPTURE_AUTORELEASING = YES;
				CLANG_WARN_BOOL_CONVERSION = YES;
				CLANG_WARN_COMMA = YES;
				CLANG_WARN_CONSTANT_CONVERSION = YES;
				CLANG_WARN_DEPRECATED_OBJC_IMPLEMENTATIONS = YES;
				CLANG_WARN_DIRECT_OBJC_ISA_USAGE = YES_ERROR;
				CLANG_WARN_DOCUMENTATION_COMMENTS = YES;
				CLANG_WARN_EMPTY_BODY = YES;
				CLANG_WARN_ENUM_CONVERSION = YES;
				CLANG_WARN_INFINITE_RECURSION = YES;
				CLANG_WARN_INT_CONVERSION = YES;
				CLANG_WARN_NON_LITERAL_NULL_CONVERSION = YES;
				CLANG_WARN_OBJC_IMPLICIT_RETAIN_SELF = YES;
				CLANG_WARN_OBJC_LITERAL_CONVERSION = YES;
				CLANG_WARN_OBJC_ROOT_CLASS = YES_ERROR;
				CLANG_WARN_QUOTED_INCLUDE_IN_FRAMEWORK_HEADER = YES;
				CLANG_WARN_RANGE_LOOP_ANALYSIS = YES;
				CLANG_WARN_STRICT_PROTOTYPES = YES;
				CLANG_WARN_SUSPICIOUS_MOVE = YES;
				CLANG_WARN_UNGUARDED_AVAILABILITY = YES_AGGRESSIVE;
				CLANG_WARN_UNREACHABLE_CODE = YES;
				CLANG_WARN__DUPLICATE_METHOD_MATCH = YES;
				COPY_PHASE_STRIP = NO;
				DEBUG_INFORMATION_FORMAT = dwarf;
				ENABLE_STRICT_OBJC_MSGSEND = YES;
				ENABLE_TESTABILITY = YES;
				GCC_C_LANGUAGE_STANDARD = gnu11;
				GCC_DYNAMIC_NO_PIC = NO;
				GCC_NO_COMMON_BLOCKS = YES;
				GCC_OPTIMIZATION_LEVEL = 0;
				GCC_PREPROCESSOR_DEFINITIONS = (
					"DEBUG=1",
					"$(inherited)",
				);
				GCC_WARN_64_TO_32_BIT_CONVERSION = YES;
				GCC_WARN_ABOUT_RETURN_TYPE = YES_ERROR;
				GCC_WARN_UNDECLARED_SELECTOR = YES;
				GCC_WARN_UNINITIALIZED_AUTOS = YES_AGGRESSIVE;
				GCC_WARN_UNUSED_FUNCTION = YES;
				GCC_WARN_UNUSED_VARIABLE = YES;
				IPHONEOS_DEPLOYMENT_TARGET = 14.4;
				MTL_ENABLE_DEBUG_INFO = INCLUDE_SOURCE;
				MTL_FAST_MATH = YES;
				ONLY_ACTIVE_ARCH = YES;
				SDKROOT = iphoneos;
				SWIFT_ACTIVE_COMPILATION_CONDITIONS = DEBUG;
				SWIFT_OPTIMIZATION_LEVEL = "-Onone";
			};
			name = Debug;
		};
		7ADD695725F6FA2B008B45DD /* Release */ = {
			isa = XCBuildConfiguration;
			buildSettings = {
				ALWAYS_SEARCH_USER_PATHS = NO;
				CLANG_ANALYZER_NONNULL = YES;
				CLANG_ANALYZER_NUMBER_OBJECT_CONVERSION = YES_AGGRESSIVE;
				CLANG_CXX_LANGUAGE_STANDARD = "gnu++14";
				CLANG_CXX_LIBRARY = "libc++";
				CLANG_ENABLE_MODULES = YES;
				CLANG_ENABLE_OBJC_ARC = YES;
				CLANG_ENABLE_OBJC_WEAK = YES;
				CLANG_WARN_BLOCK_CAPTURE_AUTORELEASING = YES;
				CLANG_WARN_BOOL_CONVERSION = YES;
				CLANG_WARN_COMMA = YES;
				CLANG_WARN_CONSTANT_CONVERSION = YES;
				CLANG_WARN_DEPRECATED_OBJC_IMPLEMENTATIONS = YES;
				CLANG_WARN_DIRECT_OBJC_ISA_USAGE = YES_ERROR;
				CLANG_WARN_DOCUMENTATION_COMMENTS = YES;
				CLANG_WARN_EMPTY_BODY = YES;
				CLANG_WARN_ENUM_CONVERSION = YES;
				CLANG_WARN_INFINITE_RECURSION = YES;
				CLANG_WARN_INT_CONVERSION = YES;
				CLANG_WARN_NON_LITERAL_NULL_CONVERSION = YES;
				CLANG_WARN_OBJC_IMPLICIT_RETAIN_SELF = YES;
				CLANG_WARN_OBJC_LITERAL_CONVERSION = YES;
				CLANG_WARN_OBJC_ROOT_CLASS = YES_ERROR;
				CLANG_WARN_QUOTED_INCLUDE_IN_FRAMEWORK_HEADER = YES;
				CLANG_WARN_RANGE_LOOP_ANALYSIS = YES;
				CLANG_WARN_STRICT_PROTOTYPES = YES;
				CLANG_WARN_SUSPICIOUS_MOVE = YES;
				CLANG_WARN_UNGUARDED_AVAILABILITY = YES_AGGRESSIVE;
				CLANG_WARN_UNREACHABLE_CODE = YES;
				CLANG_WARN__DUPLICATE_METHOD_MATCH = YES;
				COPY_PHASE_STRIP = NO;
				DEBUG_INFORMATION_FORMAT = "dwarf-with-dsym";
				ENABLE_NS_ASSERTIONS = NO;
				ENABLE_STRICT_OBJC_MSGSEND = YES;
				GCC_C_LANGUAGE_STANDARD = gnu11;
				GCC_NO_COMMON_BLOCKS = YES;
				GCC_WARN_64_TO_32_BIT_CONVERSION = YES;
				GCC_WARN_ABOUT_RETURN_TYPE = YES_ERROR;
				GCC_WARN_UNDECLARED_SELECTOR = YES;
				GCC_WARN_UNINITIALIZED_AUTOS = YES_AGGRESSIVE;
				GCC_WARN_UNUSED_FUNCTION = YES;
				GCC_WARN_UNUSED_VARIABLE = YES;
				IPHONEOS_DEPLOYMENT_TARGET = 14.4;
				MTL_ENABLE_DEBUG_INFO = NO;
				MTL_FAST_MATH = YES;
				SDKROOT = iphoneos;
				SWIFT_COMPILATION_MODE = wholemodule;
				SWIFT_OPTIMIZATION_LEVEL = "-O";
				VALIDATE_PRODUCT = YES;
			};
			name = Release;
		};
		7ADD695925F6FA2B008B45DD /* Debug */ = {
			isa = XCBuildConfiguration;
			buildSettings = {
				ASSETCATALOG_COMPILER_APPICON_NAME = AppIcon;
				ASSETCATALOG_COMPILER_GLOBAL_ACCENT_COLOR_NAME = AccentColor;
				CODE_SIGN_STYLE = Automatic;
				INFOPLIST_FILE = insta/Info.plist;
				LD_RUNPATH_SEARCH_PATHS = (
					"$(inherited)",
					"@executable_path/Frameworks",
				);
				PRODUCT_BUNDLE_IDENTIFIER = armonbakhtar.insta;
				PRODUCT_NAME = "$(TARGET_NAME)";
				SWIFT_VERSION = 5.0;
				TARGETED_DEVICE_FAMILY = "1,2";
			};
			name = Debug;
		};
		7ADD695A25F6FA2B008B45DD /* Release */ = {
			isa = XCBuildConfiguration;
			buildSettings = {
				ASSETCATALOG_COMPILER_APPICON_NAME = AppIcon;
				ASSETCATALOG_COMPILER_GLOBAL_ACCENT_COLOR_NAME = AccentColor;
				CODE_SIGN_STYLE = Automatic;
				INFOPLIST_FILE = insta/Info.plist;
				LD_RUNPATH_SEARCH_PATHS = (
					"$(inherited)",
					"@executable_path/Frameworks",
				);
				PRODUCT_BUNDLE_IDENTIFIER = armonbakhtar.insta;
				PRODUCT_NAME = "$(TARGET_NAME)";
				SWIFT_VERSION = 5.0;
				TARGETED_DEVICE_FAMILY = "1,2";
			};
			name = Release;
		};
		7ADD695C25F6FA2B008B45DD /* Debug */ = {
			isa = XCBuildConfiguration;
			buildSettings = {
				ALWAYS_EMBED_SWIFT_STANDARD_LIBRARIES = YES;
				BUNDLE_LOADER = "$(TEST_HOST)";
				CODE_SIGN_STYLE = Automatic;
				INFOPLIST_FILE = instaTests/Info.plist;
				IPHONEOS_DEPLOYMENT_TARGET = 14.4;
				LD_RUNPATH_SEARCH_PATHS = (
					"$(inherited)",
					"@executable_path/Frameworks",
					"@loader_path/Frameworks",
				);
				PRODUCT_BUNDLE_IDENTIFIER = armonbakhtar.instaTests;
				PRODUCT_NAME = "$(TARGET_NAME)";
				SWIFT_VERSION = 5.0;
				TARGETED_DEVICE_FAMILY = "1,2";
				TEST_HOST = "$(BUILT_PRODUCTS_DIR)/insta.app/insta";
			};
			name = Debug;
		};
		7ADD695D25F6FA2B008B45DD /* Release */ = {
			isa = XCBuildConfiguration;
			buildSettings = {
				ALWAYS_EMBED_SWIFT_STANDARD_LIBRARIES = YES;
				BUNDLE_LOADER = "$(TEST_HOST)";
				CODE_SIGN_STYLE = Automatic;
				INFOPLIST_FILE = instaTests/Info.plist;
				IPHONEOS_DEPLOYMENT_TARGET = 14.4;
				LD_RUNPATH_SEARCH_PATHS = (
					"$(inherited)",
					"@executable_path/Frameworks",
					"@loader_path/Frameworks",
				);
				PRODUCT_BUNDLE_IDENTIFIER = armonbakhtar.instaTests;
				PRODUCT_NAME = "$(TARGET_NAME)";
				SWIFT_VERSION = 5.0;
				TARGETED_DEVICE_FAMILY = "1,2";
				TEST_HOST = "$(BUILT_PRODUCTS_DIR)/insta.app/insta";
			};
			name = Release;
		};
		7ADD695F25F6FA2B008B45DD /* Debug */ = {
			isa = XCBuildConfiguration;
			buildSettings = {
				ALWAYS_EMBED_SWIFT_STANDARD_LIBRARIES = YES;
				CODE_SIGN_STYLE = Automatic;
				INFOPLIST_FILE = instaUITests/Info.plist;
				LD_RUNPATH_SEARCH_PATHS = (
					"$(inherited)",
					"@executable_path/Frameworks",
					"@loader_path/Frameworks",
				);
				PRODUCT_BUNDLE_IDENTIFIER = armonbakhtar.instaUITests;
				PRODUCT_NAME = "$(TARGET_NAME)";
				SWIFT_VERSION = 5.0;
				TARGETED_DEVICE_FAMILY = "1,2";
				TEST_TARGET_NAME = insta;
			};
			name = Debug;
		};
		7ADD696025F6FA2B008B45DD /* Release */ = {
			isa = XCBuildConfiguration;
			buildSettings = {
				ALWAYS_EMBED_SWIFT_STANDARD_LIBRARIES = YES;
				CODE_SIGN_STYLE = Automatic;
				INFOPLIST_FILE = instaUITests/Info.plist;
				LD_RUNPATH_SEARCH_PATHS = (
					"$(inherited)",
					"@executable_path/Frameworks",
					"@loader_path/Frameworks",
				);
				PRODUCT_BUNDLE_IDENTIFIER = armonbakhtar.instaUITests;
				PRODUCT_NAME = "$(TARGET_NAME)";
				SWIFT_VERSION = 5.0;
				TARGETED_DEVICE_FAMILY = "1,2";
				TEST_TARGET_NAME = insta;
			};
			name = Release;
		};
/* End XCBuildConfiguration section */

/* Begin XCConfigurationList section */
		7ADD692925F6FA29008B45DD /* Build configuration list for PBXProject "insta" */ = {
			isa = XCConfigurationList;
			buildConfigurations = (
				7ADD695625F6FA2B008B45DD /* Debug */,
				7ADD695725F6FA2B008B45DD /* Release */,
			);
			defaultConfigurationIsVisible = 0;
			defaultConfigurationName = Release;
		};
		7ADD695825F6FA2B008B45DD /* Build configuration list for PBXNativeTarget "insta" */ = {
			isa = XCConfigurationList;
			buildConfigurations = (
				7ADD695925F6FA2B008B45DD /* Debug */,
				7ADD695A25F6FA2B008B45DD /* Release */,
			);
			defaultConfigurationIsVisible = 0;
			defaultConfigurationName = Release;
		};
		7ADD695B25F6FA2B008B45DD /* Build configuration list for PBXNativeTarget "instaTests" */ = {
			isa = XCConfigurationList;
			buildConfigurations = (
				7ADD695C25F6FA2B008B45DD /* Debug */,
				7ADD695D25F6FA2B008B45DD /* Release */,
			);
			defaultConfigurationIsVisible = 0;
			defaultConfigurationName = Release;
		};
		7ADD695E25F6FA2B008B45DD /* Build configuration list for PBXNativeTarget "instaUITests" */ = {
			isa = XCConfigurationList;
			buildConfigurations = (
				7ADD695F25F6FA2B008B45DD /* Debug */,
				7ADD696025F6FA2B008B45DD /* Release */,
			);
			defaultConfigurationIsVisible = 0;
			defaultConfigurationName = Release;
		};
/* End XCConfigurationList section */
	};
	rootObject = 7ADD692625F6FA29008B45DD /* Project object */;
}
